// !$*UTF8*$!
{
	archiveVersion = 1;
	classes = {
	};
	objectVersion = 46;
	objects = {

/* Begin PBXBuildFile section */
		2409306A188D1C5C00B01D94 /* Foundation.framework in Frameworks */ = {isa = PBXBuildFile; fileRef = 24093069188D1C5C00B01D94 /* Foundation.framework */; };
		2409306C188D1C5C00B01D94 /* CoreGraphics.framework in Frameworks */ = {isa = PBXBuildFile; fileRef = 2409306B188D1C5C00B01D94 /* CoreGraphics.framework */; };
		2409306E188D1C5C00B01D94 /* UIKit.framework in Frameworks */ = {isa = PBXBuildFile; fileRef = 2409306D188D1C5C00B01D94 /* UIKit.framework */; };
		24093074188D1C5C00B01D94 /* InfoPlist.strings in Resources */ = {isa = PBXBuildFile; fileRef = 24093072188D1C5C00B01D94 /* InfoPlist.strings */; };
		24093076188D1C5C00B01D94 /* main.m in Sources */ = {isa = PBXBuildFile; fileRef = 24093075188D1C5C00B01D94 /* main.m */; };
		2409307A188D1C5C00B01D94 /* RecordAppDelegate.m in Sources */ = {isa = PBXBuildFile; fileRef = 24093079188D1C5C00B01D94 /* RecordAppDelegate.m */; };
		2409307D188D1C5C00B01D94 /* Main.storyboard in Resources */ = {isa = PBXBuildFile; fileRef = 2409307B188D1C5C00B01D94 /* Main.storyboard */; };
		24093080188D1C5C00B01D94 /* RecordViewController.m in Sources */ = {isa = PBXBuildFile; fileRef = 2409307F188D1C5C00B01D94 /* RecordViewController.m */; };
		24093082188D1C5C00B01D94 /* Images.xcassets in Resources */ = {isa = PBXBuildFile; fileRef = 24093081188D1C5C00B01D94 /* Images.xcassets */; };
		24093089188D1C5C00B01D94 /* XCTest.framework in Frameworks */ = {isa = PBXBuildFile; fileRef = 24093088188D1C5C00B01D94 /* XCTest.framework */; };
		2409308A188D1C5C00B01D94 /* Foundation.framework in Frameworks */ = {isa = PBXBuildFile; fileRef = 24093069188D1C5C00B01D94 /* Foundation.framework */; };
		2409308B188D1C5C00B01D94 /* UIKit.framework in Frameworks */ = {isa = PBXBuildFile; fileRef = 2409306D188D1C5C00B01D94 /* UIKit.framework */; };
		24093093188D1C5C00B01D94 /* InfoPlist.strings in Resources */ = {isa = PBXBuildFile; fileRef = 24093091188D1C5C00B01D94 /* InfoPlist.strings */; };
		24093095188D1C5C00B01D94 /* RecordAPPTests.m in Sources */ = {isa = PBXBuildFile; fileRef = 24093094188D1C5C00B01D94 /* RecordAPPTests.m */; };
		240930A1188D1CDC00B01D94 /* BusinessLogicHandler.m in Sources */ = {isa = PBXBuildFile; fileRef = 240930A0188D1CDC00B01D94 /* BusinessLogicHandler.m */; };
		24161B8F1893AC5E00BBFC56 /* EmailHandler.m in Sources */ = {isa = PBXBuildFile; fileRef = 24161B8E1893AC5E00BBFC56 /* EmailHandler.m */; };
		24161B921893ACCA00BBFC56 /* WakeupHandler.m in Sources */ = {isa = PBXBuildFile; fileRef = 24161B911893ACCA00BBFC56 /* WakeupHandler.m */; };
		24161B951893AD1E00BBFC56 /* RecordHandler.m in Sources */ = {isa = PBXBuildFile; fileRef = 24161B941893AD1E00BBFC56 /* RecordHandler.m */; };
		24161BA21893AE8900BBFC56 /* DatabaseHandler.m in Sources */ = {isa = PBXBuildFile; fileRef = 24161BA11893AE8900BBFC56 /* DatabaseHandler.m */; };
		24161BA51893B11A00BBFC56 /* RecordSettingHandler.m in Sources */ = {isa = PBXBuildFile; fileRef = 24161BA41893B11A00BBFC56 /* RecordSettingHandler.m */; };
		24161BA81893B19300BBFC56 /* EmailSettingHandler.m in Sources */ = {isa = PBXBuildFile; fileRef = 24161BA71893B19300BBFC56 /* EmailSettingHandler.m */; };
		24161BAB1893B1ED00BBFC56 /* WakeupSettingHandler.m in Sources */ = {isa = PBXBuildFile; fileRef = 24161BAA1893B1ED00BBFC56 /* WakeupSettingHandler.m */; };
		24161BAF1893DE3100BBFC56 /* RecordLevelHandler.m in Sources */ = {isa = PBXBuildFile; fileRef = 24161BAE1893DE3100BBFC56 /* RecordLevelHandler.m */; };
		24161BB21893F80100BBFC56 /* RecordFileHandler.m in Sources */ = {isa = PBXBuildFile; fileRef = 24161BB11893F80100BBFC56 /* RecordFileHandler.m */; };
		24161BB61893F98A00BBFC56 /* EncourageHandler.m in Sources */ = {isa = PBXBuildFile; fileRef = 24161BB51893F98A00BBFC56 /* EncourageHandler.m */; };
		24161BBD1894029300BBFC56 /* StatisticTableLevelHandler.m in Sources */ = {isa = PBXBuildFile; fileRef = 24161BBC1894029300BBFC56 /* StatisticTableLevelHandler.m */; };
		24161BC11894032800BBFC56 /* StatisticDetailLevelHandler.m in Sources */ = {isa = PBXBuildFile; fileRef = 24161BC01894032800BBFC56 /* StatisticDetailLevelHandler.m */; };
		24161BC61894BE7C00BBFC56 /* RecordInfoLevelHandler.m in Sources */ = {isa = PBXBuildFile; fileRef = 24161BC51894BE7C00BBFC56 /* RecordInfoLevelHandler.m */; };
		24161BC91894BE9400BBFC56 /* RecordInfo.m in Sources */ = {isa = PBXBuildFile; fileRef = 24161BC81894BE9400BBFC56 /* RecordInfo.m */; };
		24161BCD1894C57500BBFC56 /* DBHandler.m in Sources */ = {isa = PBXBuildFile; fileRef = 24161BCC1894C57500BBFC56 /* DBHandler.m */; };
		24AD06B518A5C65F00599DCE /* dream_edit_over2.png in Resources */ = {isa = PBXBuildFile; fileRef = 24AD06B418A5C65F00599DCE /* dream_edit_over2.png */; };
		24AD06B918A5C88500599DCE /* DreamVC.m in Sources */ = {isa = PBXBuildFile; fileRef = 24AD06B818A5C88500599DCE /* DreamVC.m */; };
		24AD06C318A5FDFB00599DCE /* StatisticTableVC.m in Sources */ = {isa = PBXBuildFile; fileRef = 24AD06C218A5FDFB00599DCE /* StatisticTableVC.m */; };
		24AD06C518A6096700599DCE /* StatisticRecordInfo.xib in Resources */ = {isa = PBXBuildFile; fileRef = 24AD06C418A6096700599DCE /* StatisticRecordInfo.xib */; };
		24C7034A1896B63F008DDBA6 /* RecordingViewController.m in Sources */ = {isa = PBXBuildFile; fileRef = 24C703491896B63F008DDBA6 /* RecordingViewController.m */; };
		24C703541896BFFD008DDBA6 /* EventHandler.m in Sources */ = {isa = PBXBuildFile; fileRef = 24C703531896BFFD008DDBA6 /* EventHandler.m */; };
		24C703581896C073008DDBA6 /* TimerHandler.m in Sources */ = {isa = PBXBuildFile; fileRef = 24C703571896C073008DDBA6 /* TimerHandler.m */; };
		24C7035C189949ED008DDBA6 /* InitializatorLevelHandler.m in Sources */ = {isa = PBXBuildFile; fileRef = 24C7035B189949ED008DDBA6 /* InitializatorLevelHandler.m */; };
		24C7035F18994C11008DDBA6 /* BaseLevelHandler.m in Sources */ = {isa = PBXBuildFile; fileRef = 24C7035E18994C11008DDBA6 /* BaseLevelHandler.m */; };
		24C7036D189A0E3F008DDBA6 /* BaseVC.m in Sources */ = {isa = PBXBuildFile; fileRef = 24C7036C189A0E3F008DDBA6 /* BaseVC.m */; };
		24D17F6A189D1C73005CBA4E /* RecordingInfoVC.m in Sources */ = {isa = PBXBuildFile; fileRef = 24D17F69189D1C73005CBA4E /* RecordingInfoVC.m */; };
		24D17F6E189E6C05005CBA4E /* ListeningVC.m in Sources */ = {isa = PBXBuildFile; fileRef = 24D17F6D189E6C05005CBA4E /* ListeningVC.m */; };
		24D17F72189FA68C005CBA4E /* RecordInfoHandler.m in Sources */ = {isa = PBXBuildFile; fileRef = 24D17F71189FA68C005CBA4E /* RecordInfoHandler.m */; };
		24D17F7518A1294C005CBA4E /* ListenLevelHandler.m in Sources */ = {isa = PBXBuildFile; fileRef = 24D17F7418A1294C005CBA4E /* ListenLevelHandler.m */; };
		24D17F7718A3D425005CBA4E /* RecordTime.storyboard in Resources */ = {isa = PBXBuildFile; fileRef = 24D17F7618A3D425005CBA4E /* RecordTime.storyboard */; };
		24D17F7B18A3EA11005CBA4E /* InitialVC.m in Sources */ = {isa = PBXBuildFile; fileRef = 24D17F7A18A3EA11005CBA4E /* InitialVC.m */; };
		24F16F4018A68F8600D4CA78 /* StatisticDetailVC.m in Sources */ = {isa = PBXBuildFile; fileRef = 24F16F3F18A68F8600D4CA78 /* StatisticDetailVC.m */; };
		24F16F4A18ABC86000D4CA78 /* SetupVC.m in Sources */ = {isa = PBXBuildFile; fileRef = 24F16F4918ABC86000D4CA78 /* SetupVC.m */; };
		24F16F4D18ABDC0700D4CA78 /* SetupLevelHandler.m in Sources */ = {isa = PBXBuildFile; fileRef = 24F16F4C18ABDC0700D4CA78 /* SetupLevelHandler.m */; };
		24F16F5218ABDCBD00D4CA78 /* UserSetting.m in Sources */ = {isa = PBXBuildFile; fileRef = 24F16F5118ABDCBD00D4CA78 /* UserSetting.m */; };
/* End PBXBuildFile section */

/* Begin PBXContainerItemProxy section */
		2409308C188D1C5C00B01D94 /* PBXContainerItemProxy */ = {
			isa = PBXContainerItemProxy;
			containerPortal = 2409305E188D1C5B00B01D94 /* Project object */;
			proxyType = 1;
			remoteGlobalIDString = 24093065188D1C5C00B01D94;
			remoteInfo = RecordAPP;
		};
/* End PBXContainerItemProxy section */

/* Begin PBXFileReference section */
		24093066188D1C5C00B01D94 /* RecordAPP.app */ = {isa = PBXFileReference; explicitFileType = wrapper.application; includeInIndex = 0; path = RecordAPP.app; sourceTree = BUILT_PRODUCTS_DIR; };
		24093069188D1C5C00B01D94 /* Foundation.framework */ = {isa = PBXFileReference; lastKnownFileType = wrapper.framework; name = Foundation.framework; path = System/Library/Frameworks/Foundation.framework; sourceTree = SDKROOT; };
		2409306B188D1C5C00B01D94 /* CoreGraphics.framework */ = {isa = PBXFileReference; lastKnownFileType = wrapper.framework; name = CoreGraphics.framework; path = System/Library/Frameworks/CoreGraphics.framework; sourceTree = SDKROOT; };
		2409306D188D1C5C00B01D94 /* UIKit.framework */ = {isa = PBXFileReference; lastKnownFileType = wrapper.framework; name = UIKit.framework; path = System/Library/Frameworks/UIKit.framework; sourceTree = SDKROOT; };
		24093071188D1C5C00B01D94 /* RecordAPP-Info.plist */ = {isa = PBXFileReference; lastKnownFileType = text.plist.xml; path = "RecordAPP-Info.plist"; sourceTree = "<group>"; };
		24093073188D1C5C00B01D94 /* en */ = {isa = PBXFileReference; lastKnownFileType = text.plist.strings; name = en; path = en.lproj/InfoPlist.strings; sourceTree = "<group>"; };
		24093075188D1C5C00B01D94 /* main.m */ = {isa = PBXFileReference; lastKnownFileType = sourcecode.c.objc; path = main.m; sourceTree = "<group>"; };
		24093077188D1C5C00B01D94 /* RecordAPP-Prefix.pch */ = {isa = PBXFileReference; lastKnownFileType = sourcecode.c.h; path = "RecordAPP-Prefix.pch"; sourceTree = "<group>"; };
		24093078188D1C5C00B01D94 /* RecordAppDelegate.h */ = {isa = PBXFileReference; lastKnownFileType = sourcecode.c.h; path = RecordAppDelegate.h; sourceTree = "<group>"; };
		24093079188D1C5C00B01D94 /* RecordAppDelegate.m */ = {isa = PBXFileReference; lastKnownFileType = sourcecode.c.objc; path = RecordAppDelegate.m; sourceTree = "<group>"; };
		2409307C188D1C5C00B01D94 /* Base */ = {isa = PBXFileReference; lastKnownFileType = file.storyboard; name = Base; path = Base.lproj/Main.storyboard; sourceTree = "<group>"; };
		2409307E188D1C5C00B01D94 /* RecordViewController.h */ = {isa = PBXFileReference; lastKnownFileType = sourcecode.c.h; path = RecordViewController.h; sourceTree = "<group>"; };
		2409307F188D1C5C00B01D94 /* RecordViewController.m */ = {isa = PBXFileReference; lastKnownFileType = sourcecode.c.objc; path = RecordViewController.m; sourceTree = "<group>"; };
		24093081188D1C5C00B01D94 /* Images.xcassets */ = {isa = PBXFileReference; lastKnownFileType = folder.assetcatalog; path = Images.xcassets; sourceTree = "<group>"; };
		24093087188D1C5C00B01D94 /* RecordAPPTests.xctest */ = {isa = PBXFileReference; explicitFileType = wrapper.cfbundle; includeInIndex = 0; path = RecordAPPTests.xctest; sourceTree = BUILT_PRODUCTS_DIR; };
		24093088188D1C5C00B01D94 /* XCTest.framework */ = {isa = PBXFileReference; lastKnownFileType = wrapper.framework; name = XCTest.framework; path = Library/Frameworks/XCTest.framework; sourceTree = DEVELOPER_DIR; };
		24093090188D1C5C00B01D94 /* RecordAPPTests-Info.plist */ = {isa = PBXFileReference; lastKnownFileType = text.plist.xml; path = "RecordAPPTests-Info.plist"; sourceTree = "<group>"; };
		24093092188D1C5C00B01D94 /* en */ = {isa = PBXFileReference; lastKnownFileType = text.plist.strings; name = en; path = en.lproj/InfoPlist.strings; sourceTree = "<group>"; };
		24093094188D1C5C00B01D94 /* RecordAPPTests.m */ = {isa = PBXFileReference; lastKnownFileType = sourcecode.c.objc; path = RecordAPPTests.m; sourceTree = "<group>"; };
		2409309F188D1CDC00B01D94 /* BusinessLogicHandler.h */ = {isa = PBXFileReference; fileEncoding = 4; lastKnownFileType = sourcecode.c.h; path = BusinessLogicHandler.h; sourceTree = "<group>"; };
		240930A0188D1CDC00B01D94 /* BusinessLogicHandler.m */ = {isa = PBXFileReference; fileEncoding = 4; lastKnownFileType = sourcecode.c.objc; path = BusinessLogicHandler.m; sourceTree = "<group>"; };
		240930A3188D29F200B01D94 /* DebugUtil.h */ = {isa = PBXFileReference; fileEncoding = 4; lastKnownFileType = sourcecode.c.h; path = DebugUtil.h; sourceTree = "<group>"; };
		24161B8D1893AC5E00BBFC56 /* EmailHandler.h */ = {isa = PBXFileReference; fileEncoding = 4; lastKnownFileType = sourcecode.c.h; path = EmailHandler.h; sourceTree = "<group>"; };
		24161B8E1893AC5E00BBFC56 /* EmailHandler.m */ = {isa = PBXFileReference; fileEncoding = 4; lastKnownFileType = sourcecode.c.objc; path = EmailHandler.m; sourceTree = "<group>"; };
		24161B901893ACCA00BBFC56 /* WakeupHandler.h */ = {isa = PBXFileReference; fileEncoding = 4; lastKnownFileType = sourcecode.c.h; path = WakeupHandler.h; sourceTree = "<group>"; };
		24161B911893ACCA00BBFC56 /* WakeupHandler.m */ = {isa = PBXFileReference; fileEncoding = 4; lastKnownFileType = sourcecode.c.objc; path = WakeupHandler.m; sourceTree = "<group>"; };
		24161B931893AD1E00BBFC56 /* RecordHandler.h */ = {isa = PBXFileReference; fileEncoding = 4; lastKnownFileType = sourcecode.c.h; path = RecordHandler.h; sourceTree = "<group>"; };
		24161B941893AD1E00BBFC56 /* RecordHandler.m */ = {isa = PBXFileReference; fileEncoding = 4; lastKnownFileType = sourcecode.c.objc; path = RecordHandler.m; sourceTree = "<group>"; };
		24161BA01893AE8900BBFC56 /* DatabaseHandler.h */ = {isa = PBXFileReference; fileEncoding = 4; lastKnownFileType = sourcecode.c.h; path = DatabaseHandler.h; sourceTree = "<group>"; };
		24161BA11893AE8900BBFC56 /* DatabaseHandler.m */ = {isa = PBXFileReference; fileEncoding = 4; lastKnownFileType = sourcecode.c.objc; path = DatabaseHandler.m; sourceTree = "<group>"; };
		24161BA31893B11A00BBFC56 /* RecordSettingHandler.h */ = {isa = PBXFileReference; fileEncoding = 4; lastKnownFileType = sourcecode.c.h; path = RecordSettingHandler.h; sourceTree = "<group>"; };
		24161BA41893B11A00BBFC56 /* RecordSettingHandler.m */ = {isa = PBXFileReference; fileEncoding = 4; lastKnownFileType = sourcecode.c.objc; path = RecordSettingHandler.m; sourceTree = "<group>"; };
		24161BA61893B19300BBFC56 /* EmailSettingHandler.h */ = {isa = PBXFileReference; fileEncoding = 4; lastKnownFileType = sourcecode.c.h; path = EmailSettingHandler.h; sourceTree = "<group>"; };
		24161BA71893B19300BBFC56 /* EmailSettingHandler.m */ = {isa = PBXFileReference; fileEncoding = 4; lastKnownFileType = sourcecode.c.objc; path = EmailSettingHandler.m; sourceTree = "<group>"; };
		24161BA91893B1ED00BBFC56 /* WakeupSettingHandler.h */ = {isa = PBXFileReference; fileEncoding = 4; lastKnownFileType = sourcecode.c.h; path = WakeupSettingHandler.h; sourceTree = "<group>"; };
		24161BAA1893B1ED00BBFC56 /* WakeupSettingHandler.m */ = {isa = PBXFileReference; fileEncoding = 4; lastKnownFileType = sourcecode.c.objc; path = WakeupSettingHandler.m; sourceTree = "<group>"; };
		24161BAD1893DE3100BBFC56 /* RecordLevelHandler.h */ = {isa = PBXFileReference; fileEncoding = 4; lastKnownFileType = sourcecode.c.h; path = RecordLevelHandler.h; sourceTree = "<group>"; };
		24161BAE1893DE3100BBFC56 /* RecordLevelHandler.m */ = {isa = PBXFileReference; fileEncoding = 4; lastKnownFileType = sourcecode.c.objc; path = RecordLevelHandler.m; sourceTree = "<group>"; };
		24161BB01893F80100BBFC56 /* RecordFileHandler.h */ = {isa = PBXFileReference; fileEncoding = 4; lastKnownFileType = sourcecode.c.h; path = RecordFileHandler.h; sourceTree = "<group>"; };
		24161BB11893F80100BBFC56 /* RecordFileHandler.m */ = {isa = PBXFileReference; fileEncoding = 4; lastKnownFileType = sourcecode.c.objc; path = RecordFileHandler.m; sourceTree = "<group>"; };
		24161BB41893F98A00BBFC56 /* EncourageHandler.h */ = {isa = PBXFileReference; fileEncoding = 4; lastKnownFileType = sourcecode.c.h; path = EncourageHandler.h; sourceTree = "<group>"; };
		24161BB51893F98A00BBFC56 /* EncourageHandler.m */ = {isa = PBXFileReference; fileEncoding = 4; lastKnownFileType = sourcecode.c.objc; path = EncourageHandler.m; sourceTree = "<group>"; };
		24161BBB1894029300BBFC56 /* StatisticTableLevelHandler.h */ = {isa = PBXFileReference; fileEncoding = 4; lastKnownFileType = sourcecode.c.h; path = StatisticTableLevelHandler.h; sourceTree = "<group>"; };
		24161BBC1894029300BBFC56 /* StatisticTableLevelHandler.m */ = {isa = PBXFileReference; fileEncoding = 4; lastKnownFileType = sourcecode.c.objc; path = StatisticTableLevelHandler.m; sourceTree = "<group>"; };
		24161BBF1894032800BBFC56 /* StatisticDetailLevelHandler.h */ = {isa = PBXFileReference; fileEncoding = 4; lastKnownFileType = sourcecode.c.h; path = StatisticDetailLevelHandler.h; sourceTree = "<group>"; };
		24161BC01894032800BBFC56 /* StatisticDetailLevelHandler.m */ = {isa = PBXFileReference; fileEncoding = 4; lastKnownFileType = sourcecode.c.objc; path = StatisticDetailLevelHandler.m; sourceTree = "<group>"; };
		24161BC41894BE7C00BBFC56 /* RecordInfoLevelHandler.h */ = {isa = PBXFileReference; fileEncoding = 4; lastKnownFileType = sourcecode.c.h; path = RecordInfoLevelHandler.h; sourceTree = "<group>"; };
		24161BC51894BE7C00BBFC56 /* RecordInfoLevelHandler.m */ = {isa = PBXFileReference; fileEncoding = 4; lastKnownFileType = sourcecode.c.objc; path = RecordInfoLevelHandler.m; sourceTree = "<group>"; };
		24161BC71894BE9400BBFC56 /* RecordInfo.h */ = {isa = PBXFileReference; fileEncoding = 4; lastKnownFileType = sourcecode.c.h; path = RecordInfo.h; sourceTree = "<group>"; };
		24161BC81894BE9400BBFC56 /* RecordInfo.m */ = {isa = PBXFileReference; fileEncoding = 4; lastKnownFileType = sourcecode.c.objc; path = RecordInfo.m; sourceTree = "<group>"; };
		24161BCB1894C57500BBFC56 /* DBHandler.h */ = {isa = PBXFileReference; fileEncoding = 4; lastKnownFileType = sourcecode.c.h; path = DBHandler.h; sourceTree = "<group>"; };
		24161BCC1894C57500BBFC56 /* DBHandler.m */ = {isa = PBXFileReference; fileEncoding = 4; lastKnownFileType = sourcecode.c.objc; path = DBHandler.m; sourceTree = "<group>"; };
		24AD06B418A5C65F00599DCE /* dream_edit_over2.png */ = {isa = PBXFileReference; lastKnownFileType = image.png; path = dream_edit_over2.png; sourceTree = "<group>"; };
		24AD06B718A5C88500599DCE /* DreamVC.h */ = {isa = PBXFileReference; fileEncoding = 4; lastKnownFileType = sourcecode.c.h; path = DreamVC.h; sourceTree = "<group>"; };
		24AD06B818A5C88500599DCE /* DreamVC.m */ = {isa = PBXFileReference; fileEncoding = 4; lastKnownFileType = sourcecode.c.objc; path = DreamVC.m; sourceTree = "<group>"; };
		24AD06C118A5FDFB00599DCE /* StatisticTableVC.h */ = {isa = PBXFileReference; fileEncoding = 4; lastKnownFileType = sourcecode.c.h; path = StatisticTableVC.h; sourceTree = "<group>"; };
		24AD06C218A5FDFB00599DCE /* StatisticTableVC.m */ = {isa = PBXFileReference; fileEncoding = 4; lastKnownFileType = sourcecode.c.objc; path = StatisticTableVC.m; sourceTree = "<group>"; };
		24AD06C418A6096700599DCE /* StatisticRecordInfo.xib */ = {isa = PBXFileReference; fileEncoding = 4; lastKnownFileType = file.xib; path = StatisticRecordInfo.xib; sourceTree = "<group>"; };
		24C703481896B63F008DDBA6 /* RecordingViewController.h */ = {isa = PBXFileReference; fileEncoding = 4; lastKnownFileType = sourcecode.c.h; path = RecordingViewController.h; sourceTree = "<group>"; };
		24C703491896B63F008DDBA6 /* RecordingViewController.m */ = {isa = PBXFileReference; fileEncoding = 4; lastKnownFileType = sourcecode.c.objc; path = RecordingViewController.m; sourceTree = "<group>"; };
		24C703501896BBF8008DDBA6 /* RecordActionProtocol.h */ = {isa = PBXFileReference; fileEncoding = 4; lastKnownFileType = sourcecode.c.h; path = RecordActionProtocol.h; sourceTree = "<group>"; };
		24C703521896BFFD008DDBA6 /* EventHandler.h */ = {isa = PBXFileReference; fileEncoding = 4; lastKnownFileType = sourcecode.c.h; path = EventHandler.h; sourceTree = "<group>"; };
		24C703531896BFFD008DDBA6 /* EventHandler.m */ = {isa = PBXFileReference; fileEncoding = 4; lastKnownFileType = sourcecode.c.objc; path = EventHandler.m; sourceTree = "<group>"; };
		24C703561896C073008DDBA6 /* TimerHandler.h */ = {isa = PBXFileReference; fileEncoding = 4; lastKnownFileType = sourcecode.c.h; path = TimerHandler.h; sourceTree = "<group>"; };
		24C703571896C073008DDBA6 /* TimerHandler.m */ = {isa = PBXFileReference; fileEncoding = 4; lastKnownFileType = sourcecode.c.objc; path = TimerHandler.m; sourceTree = "<group>"; };
		24C7035A189949ED008DDBA6 /* InitializatorLevelHandler.h */ = {isa = PBXFileReference; fileEncoding = 4; lastKnownFileType = sourcecode.c.h; path = InitializatorLevelHandler.h; sourceTree = "<group>"; };
		24C7035B189949ED008DDBA6 /* InitializatorLevelHandler.m */ = {isa = PBXFileReference; fileEncoding = 4; lastKnownFileType = sourcecode.c.objc; path = InitializatorLevelHandler.m; sourceTree = "<group>"; };
		24C7035D18994C11008DDBA6 /* BaseLevelHandler.h */ = {isa = PBXFileReference; fileEncoding = 4; lastKnownFileType = sourcecode.c.h; path = BaseLevelHandler.h; sourceTree = "<group>"; };
		24C7035E18994C11008DDBA6 /* BaseLevelHandler.m */ = {isa = PBXFileReference; fileEncoding = 4; lastKnownFileType = sourcecode.c.objc; path = BaseLevelHandler.m; sourceTree = "<group>"; };
		24C7036B189A0E3F008DDBA6 /* BaseVC.h */ = {isa = PBXFileReference; fileEncoding = 4; lastKnownFileType = sourcecode.c.h; path = BaseVC.h; sourceTree = "<group>"; };
		24C7036C189A0E3F008DDBA6 /* BaseVC.m */ = {isa = PBXFileReference; fileEncoding = 4; lastKnownFileType = sourcecode.c.objc; path = BaseVC.m; sourceTree = "<group>"; };
		24D17F68189D1C73005CBA4E /* RecordingInfoVC.h */ = {isa = PBXFileReference; fileEncoding = 4; lastKnownFileType = sourcecode.c.h; path = RecordingInfoVC.h; sourceTree = "<group>"; };
		24D17F69189D1C73005CBA4E /* RecordingInfoVC.m */ = {isa = PBXFileReference; fileEncoding = 4; lastKnownFileType = sourcecode.c.objc; path = RecordingInfoVC.m; sourceTree = "<group>"; };
		24D17F6C189E6C05005CBA4E /* ListeningVC.h */ = {isa = PBXFileReference; fileEncoding = 4; lastKnownFileType = sourcecode.c.h; path = ListeningVC.h; sourceTree = "<group>"; };
		24D17F6D189E6C05005CBA4E /* ListeningVC.m */ = {isa = PBXFileReference; fileEncoding = 4; lastKnownFileType = sourcecode.c.objc; path = ListeningVC.m; sourceTree = "<group>"; };
		24D17F70189FA68C005CBA4E /* RecordInfoHandler.h */ = {isa = PBXFileReference; fileEncoding = 4; lastKnownFileType = sourcecode.c.h; path = RecordInfoHandler.h; sourceTree = "<group>"; };
		24D17F71189FA68C005CBA4E /* RecordInfoHandler.m */ = {isa = PBXFileReference; fileEncoding = 4; lastKnownFileType = sourcecode.c.objc; path = RecordInfoHandler.m; sourceTree = "<group>"; };
		24D17F7318A1294C005CBA4E /* ListenLevelHandler.h */ = {isa = PBXFileReference; fileEncoding = 4; lastKnownFileType = sourcecode.c.h; path = ListenLevelHandler.h; sourceTree = "<group>"; };
		24D17F7418A1294C005CBA4E /* ListenLevelHandler.m */ = {isa = PBXFileReference; fileEncoding = 4; lastKnownFileType = sourcecode.c.objc; path = ListenLevelHandler.m; sourceTree = "<group>"; };
		24D17F7618A3D425005CBA4E /* RecordTime.storyboard */ = {isa = PBXFileReference; fileEncoding = 4; lastKnownFileType = file.storyboard; path = RecordTime.storyboard; sourceTree = "<group>"; };
		24D17F7918A3EA11005CBA4E /* InitialVC.h */ = {isa = PBXFileReference; fileEncoding = 4; lastKnownFileType = sourcecode.c.h; path = InitialVC.h; sourceTree = "<group>"; };
		24D17F7A18A3EA11005CBA4E /* InitialVC.m */ = {isa = PBXFileReference; fileEncoding = 4; lastKnownFileType = sourcecode.c.objc; path = InitialVC.m; sourceTree = "<group>"; };
		24F16F3E18A68F8600D4CA78 /* StatisticDetailVC.h */ = {isa = PBXFileReference; fileEncoding = 4; lastKnownFileType = sourcecode.c.h; path = StatisticDetailVC.h; sourceTree = "<group>"; };
		24F16F3F18A68F8600D4CA78 /* StatisticDetailVC.m */ = {isa = PBXFileReference; fileEncoding = 4; lastKnownFileType = sourcecode.c.objc; path = StatisticDetailVC.m; sourceTree = "<group>"; };
		24F16F4818ABC86000D4CA78 /* SetupVC.h */ = {isa = PBXFileReference; fileEncoding = 4; lastKnownFileType = sourcecode.c.h; path = SetupVC.h; sourceTree = "<group>"; };
		24F16F4918ABC86000D4CA78 /* SetupVC.m */ = {isa = PBXFileReference; fileEncoding = 4; lastKnownFileType = sourcecode.c.objc; path = SetupVC.m; sourceTree = "<group>"; };
		24F16F4B18ABDC0700D4CA78 /* SetupLevelHandler.h */ = {isa = PBXFileReference; fileEncoding = 4; lastKnownFileType = sourcecode.c.h; path = SetupLevelHandler.h; sourceTree = "<group>"; };
		24F16F4C18ABDC0700D4CA78 /* SetupLevelHandler.m */ = {isa = PBXFileReference; fileEncoding = 4; lastKnownFileType = sourcecode.c.objc; path = SetupLevelHandler.m; sourceTree = "<group>"; };
		24F16F5018ABDCBD00D4CA78 /* UserSetting.h */ = {isa = PBXFileReference; fileEncoding = 4; lastKnownFileType = sourcecode.c.h; path = UserSetting.h; sourceTree = "<group>"; };
		24F16F5118ABDCBD00D4CA78 /* UserSetting.m */ = {isa = PBXFileReference; fileEncoding = 4; lastKnownFileType = sourcecode.c.objc; path = UserSetting.m; sourceTree = "<group>"; };
/* End PBXFileReference section */

/* Begin PBXFrameworksBuildPhase section */
		24093063188D1C5C00B01D94 /* Frameworks */ = {
			isa = PBXFrameworksBuildPhase;
			buildActionMask = 2147483647;
			files = (
				2409306C188D1C5C00B01D94 /* CoreGraphics.framework in Frameworks */,
				2409306E188D1C5C00B01D94 /* UIKit.framework in Frameworks */,
				2409306A188D1C5C00B01D94 /* Foundation.framework in Frameworks */,
			);
			runOnlyForDeploymentPostprocessing = 0;
		};
		24093084188D1C5C00B01D94 /* Frameworks */ = {
			isa = PBXFrameworksBuildPhase;
			buildActionMask = 2147483647;
			files = (
				24093089188D1C5C00B01D94 /* XCTest.framework in Frameworks */,
				2409308B188D1C5C00B01D94 /* UIKit.framework in Frameworks */,
				2409308A188D1C5C00B01D94 /* Foundation.framework in Frameworks */,
			);
			runOnlyForDeploymentPostprocessing = 0;
		};
/* End PBXFrameworksBuildPhase section */

/* Begin PBXGroup section */
		2409305D188D1C5B00B01D94 = {
			isa = PBXGroup;
			children = (
				2409306F188D1C5C00B01D94 /* RecordAPP */,
				2409308E188D1C5C00B01D94 /* RecordAPPTests */,
				24093068188D1C5C00B01D94 /* Frameworks */,
				24093067188D1C5C00B01D94 /* Products */,
			);
			sourceTree = "<group>";
		};
		24093067188D1C5C00B01D94 /* Products */ = {
			isa = PBXGroup;
			children = (
				24093066188D1C5C00B01D94 /* RecordAPP.app */,
				24093087188D1C5C00B01D94 /* RecordAPPTests.xctest */,
			);
			name = Products;
			sourceTree = "<group>";
		};
		24093068188D1C5C00B01D94 /* Frameworks */ = {
			isa = PBXGroup;
			children = (
				24093069188D1C5C00B01D94 /* Foundation.framework */,
				2409306B188D1C5C00B01D94 /* CoreGraphics.framework */,
				2409306D188D1C5C00B01D94 /* UIKit.framework */,
				24093088188D1C5C00B01D94 /* XCTest.framework */,
			);
			name = Frameworks;
			sourceTree = "<group>";
		};
		2409306F188D1C5C00B01D94 /* RecordAPP */ = {
			isa = PBXGroup;
			children = (
				240930A2188D29DD00B01D94 /* Globol */,
				24161BC21894058900BBFC56 /* Data Structure */,
				240930A4188D30CB00B01D94 /* BusinessLogic */,
				24161B971893AD9A00BBFC56 /* Data Handler */,
				24161B961893AD2700BBFC56 /* Functional Handler */,
				2409309E188D1C9500B01D94 /* ViewControllerLevel-Handler */,
				24161BCE189561A000BBFC56 /* ViewController */,
				24C7033B18957092008DDBA6 /* xib */,
				24093078188D1C5C00B01D94 /* RecordAppDelegate.h */,
				24093079188D1C5C00B01D94 /* RecordAppDelegate.m */,
				2409307B188D1C5C00B01D94 /* Main.storyboard */,
				24D17F7618A3D425005CBA4E /* RecordTime.storyboard */,
				2409307E188D1C5C00B01D94 /* RecordViewController.h */,
				2409307F188D1C5C00B01D94 /* RecordViewController.m */,
				24093081188D1C5C00B01D94 /* Images.xcassets */,
				24093070188D1C5C00B01D94 /* Supporting Files */,
			);
			path = RecordAPP;
			sourceTree = "<group>";
		};
		24093070188D1C5C00B01D94 /* Supporting Files */ = {
			isa = PBXGroup;
			children = (
				24AD06B418A5C65F00599DCE /* dream_edit_over2.png */,
				24093071188D1C5C00B01D94 /* RecordAPP-Info.plist */,
				24093072188D1C5C00B01D94 /* InfoPlist.strings */,
				24093075188D1C5C00B01D94 /* main.m */,
				24093077188D1C5C00B01D94 /* RecordAPP-Prefix.pch */,
			);
			name = "Supporting Files";
			sourceTree = "<group>";
		};
		2409308E188D1C5C00B01D94 /* RecordAPPTests */ = {
			isa = PBXGroup;
			children = (
				24093094188D1C5C00B01D94 /* RecordAPPTests.m */,
				2409308F188D1C5C00B01D94 /* Supporting Files */,
			);
			path = RecordAPPTests;
			sourceTree = "<group>";
		};
		2409308F188D1C5C00B01D94 /* Supporting Files */ = {
			isa = PBXGroup;
			children = (
				24093090188D1C5C00B01D94 /* RecordAPPTests-Info.plist */,
				24093091188D1C5C00B01D94 /* InfoPlist.strings */,
			);
			name = "Supporting Files";
			sourceTree = "<group>";
		};
		2409309E188D1C9500B01D94 /* ViewControllerLevel-Handler */ = {
			isa = PBXGroup;
			children = (
				24C7036018994C1E008DDBA6 /* Base */,
				24C70359189949A3008DDBA6 /* InitialtorLevel */,
				24161BC31894BE5600BBFC56 /* RecordInfoLevel */,
				24161BBE1894029A00BBFC56 /* StatisticDetailLevel */,
				24161BB71893FA4100BBFC56 /* StatisticTableLevel */,
				24161BAC1893DDA300BBFC56 /* Recording/Listening Level */,
				240930A5188D30D800B01D94 /* UserSettingLevel */,
			);
			name = "ViewControllerLevel-Handler";
			sourceTree = "<group>";
		};
		240930A2188D29DD00B01D94 /* Globol */ = {
			isa = PBXGroup;
			children = (
				240930A3188D29F200B01D94 /* DebugUtil.h */,
			);
			name = Globol;
			sourceTree = "<group>";
		};
		240930A4188D30CB00B01D94 /* BusinessLogic */ = {
			isa = PBXGroup;
			children = (
				2409309F188D1CDC00B01D94 /* BusinessLogicHandler.h */,
				240930A0188D1CDC00B01D94 /* BusinessLogicHandler.m */,
			);
			name = BusinessLogic;
			sourceTree = "<group>";
		};
		240930A5188D30D800B01D94 /* UserSettingLevel */ = {
			isa = PBXGroup;
			children = (
				24F16F4B18ABDC0700D4CA78 /* SetupLevelHandler.h */,
				24F16F4C18ABDC0700D4CA78 /* SetupLevelHandler.m */,
			);
			name = UserSettingLevel;
			sourceTree = "<group>";
		};
		24161B961893AD2700BBFC56 /* Functional Handler */ = {
			isa = PBXGroup;
			children = (
				24D17F6F189FA622005CBA4E /* RecordInfoHandler */,
				24C703551896C061008DDBA6 /* TimerHandler */,
				24C703511896BFDD008DDBA6 /* EventHandler */,
				24161BCA1894C56200BBFC56 /* DBHandler */,
				24161BB31893F97800BBFC56 /* Encourage */,
				24161B9D1893AE3100BBFC56 /* Wakeup */,
				24161B9C1893AE2400BBFC56 /* Email */,
				24161B9B1893AE1800BBFC56 /* Record/Listen */,
			);
			name = "Functional Handler";
			sourceTree = "<group>";
		};
		24161B971893AD9A00BBFC56 /* Data Handler */ = {
			isa = PBXGroup;
			children = (
				24161B9F1893AE5100BBFC56 /* DatabaseAPI */,
			);
			name = "Data Handler";
			sourceTree = "<group>";
		};
		24161B9B1893AE1800BBFC56 /* Record/Listen */ = {
			isa = PBXGroup;
			children = (
				24161B931893AD1E00BBFC56 /* RecordHandler.h */,
				24161B941893AD1E00BBFC56 /* RecordHandler.m */,
				24161BA31893B11A00BBFC56 /* RecordSettingHandler.h */,
				24161BA41893B11A00BBFC56 /* RecordSettingHandler.m */,
				24161BB01893F80100BBFC56 /* RecordFileHandler.h */,
				24161BB11893F80100BBFC56 /* RecordFileHandler.m */,
			);
			name = Record/Listen;
			sourceTree = "<group>";
		};
		24161B9C1893AE2400BBFC56 /* Email */ = {
			isa = PBXGroup;
			children = (
				24161B8D1893AC5E00BBFC56 /* EmailHandler.h */,
				24161B8E1893AC5E00BBFC56 /* EmailHandler.m */,
				24161BA61893B19300BBFC56 /* EmailSettingHandler.h */,
				24161BA71893B19300BBFC56 /* EmailSettingHandler.m */,
			);
			name = Email;
			sourceTree = "<group>";
		};
		24161B9D1893AE3100BBFC56 /* Wakeup */ = {
			isa = PBXGroup;
			children = (
				24161B901893ACCA00BBFC56 /* WakeupHandler.h */,
				24161B911893ACCA00BBFC56 /* WakeupHandler.m */,
				24161BA91893B1ED00BBFC56 /* WakeupSettingHandler.h */,
				24161BAA1893B1ED00BBFC56 /* WakeupSettingHandler.m */,
			);
			name = Wakeup;
			sourceTree = "<group>";
		};
		24161B9F1893AE5100BBFC56 /* DatabaseAPI */ = {
			isa = PBXGroup;
			children = (
				24161BA01893AE8900BBFC56 /* DatabaseHandler.h */,
				24161BA11893AE8900BBFC56 /* DatabaseHandler.m */,
			);
			name = DatabaseAPI;
			sourceTree = "<group>";
		};
		24161BAC1893DDA300BBFC56 /* Recording/Listening Level */ = {
			isa = PBXGroup;
			children = (
				24C7034E1896B8E9008DDBA6 /* Base (Protocol) */,
				24C7034D1896B8D6008DDBA6 /* Listening */,
				24C7034C1896B897008DDBA6 /* Recording */,
			);
			name = "Recording/Listening Level";
			sourceTree = "<group>";
		};
		24161BB31893F97800BBFC56 /* Encourage */ = {
			isa = PBXGroup;
			children = (
				24161BB41893F98A00BBFC56 /* EncourageHandler.h */,
				24161BB51893F98A00BBFC56 /* EncourageHandler.m */,
			);
			name = Encourage;
			sourceTree = "<group>";
		};
		24161BB71893FA4100BBFC56 /* StatisticTableLevel */ = {
			isa = PBXGroup;
			children = (
				24161BBB1894029300BBFC56 /* StatisticTableLevelHandler.h */,
				24161BBC1894029300BBFC56 /* StatisticTableLevelHandler.m */,
			);
			name = StatisticTableLevel;
			sourceTree = "<group>";
		};
		24161BBE1894029A00BBFC56 /* StatisticDetailLevel */ = {
			isa = PBXGroup;
			children = (
				24161BBF1894032800BBFC56 /* StatisticDetailLevelHandler.h */,
				24161BC01894032800BBFC56 /* StatisticDetailLevelHandler.m */,
			);
			name = StatisticDetailLevel;
			sourceTree = "<group>";
		};
		24161BC21894058900BBFC56 /* Data Structure */ = {
			isa = PBXGroup;
			children = (
				24F16F4F18ABDCAC00D4CA78 /* UserSetting */,
				24F16F4E18ABDC9D00D4CA78 /* RecordInfo */,
			);
			name = "Data Structure";
			sourceTree = "<group>";
		};
		24161BC31894BE5600BBFC56 /* RecordInfoLevel */ = {
			isa = PBXGroup;
			children = (
				24161BC41894BE7C00BBFC56 /* RecordInfoLevelHandler.h */,
				24161BC51894BE7C00BBFC56 /* RecordInfoLevelHandler.m */,
			);
			name = RecordInfoLevel;
			sourceTree = "<group>";
		};
		24161BCA1894C56200BBFC56 /* DBHandler */ = {
			isa = PBXGroup;
			children = (
				24161BCB1894C57500BBFC56 /* DBHandler.h */,
				24161BCC1894C57500BBFC56 /* DBHandler.m */,
			);
			name = DBHandler;
			sourceTree = "<group>";
		};
		24161BCE189561A000BBFC56 /* ViewController */ = {
			isa = PBXGroup;
			children = (
				24F16F4118ABC6B800D4CA78 /* SetupVC */,
				24F16F3D18A68F6500D4CA78 /* StatisticDetailVC */,
				24AD06BA18A5FBBA00599DCE /* StatisticTableVC */,
				24AD06B618A5C7CD00599DCE /* DreamVC */,
				24D17F7818A3E9EF005CBA4E /* InitialVC */,
				24C70367189A0650008DDBA6 /* BaseVC */,
				24D17F6B189E6B30005CBA4E /* ListeningVC */,
				24D17F64189D1C1B005CBA4E /* RecordingInfoVC */,
				24C703471896B57A008DDBA6 /* RecordingVC */,
			);
			name = ViewController;
			sourceTree = "<group>";
		};
		24AD06B618A5C7CD00599DCE /* DreamVC */ = {
			isa = PBXGroup;
			children = (
				24AD06B718A5C88500599DCE /* DreamVC.h */,
				24AD06B818A5C88500599DCE /* DreamVC.m */,
			);
			name = DreamVC;
			sourceTree = "<group>";
		};
		24AD06BA18A5FBBA00599DCE /* StatisticTableVC */ = {
			isa = PBXGroup;
			children = (
				24AD06C118A5FDFB00599DCE /* StatisticTableVC.h */,
				24AD06C218A5FDFB00599DCE /* StatisticTableVC.m */,
			);
			name = StatisticTableVC;
			sourceTree = "<group>";
		};
		24C7033B18957092008DDBA6 /* xib */ = {
			isa = PBXGroup;
			children = (
				24AD06C418A6096700599DCE /* StatisticRecordInfo.xib */,
			);
			name = xib;
			sourceTree = "<group>";
		};
		24C703471896B57A008DDBA6 /* RecordingVC */ = {
			isa = PBXGroup;
			children = (
				24C703481896B63F008DDBA6 /* RecordingViewController.h */,
				24C703491896B63F008DDBA6 /* RecordingViewController.m */,
			);
			name = RecordingVC;
			sourceTree = "<group>";
		};
		24C7034C1896B897008DDBA6 /* Recording */ = {
			isa = PBXGroup;
			children = (
				24161BAD1893DE3100BBFC56 /* RecordLevelHandler.h */,
				24161BAE1893DE3100BBFC56 /* RecordLevelHandler.m */,
			);
			name = Recording;
			sourceTree = "<group>";
		};
		24C7034D1896B8D6008DDBA6 /* Listening */ = {
			isa = PBXGroup;
			children = (
				24D17F7318A1294C005CBA4E /* ListenLevelHandler.h */,
				24D17F7418A1294C005CBA4E /* ListenLevelHandler.m */,
			);
			name = Listening;
			sourceTree = "<group>";
		};
		24C7034E1896B8E9008DDBA6 /* Base (Protocol) */ = {
			isa = PBXGroup;
			children = (
				24C703501896BBF8008DDBA6 /* RecordActionProtocol.h */,
			);
			name = "Base (Protocol)";
			sourceTree = "<group>";
		};
		24C703511896BFDD008DDBA6 /* EventHandler */ = {
			isa = PBXGroup;
			children = (
				24C703521896BFFD008DDBA6 /* EventHandler.h */,
				24C703531896BFFD008DDBA6 /* EventHandler.m */,
			);
			name = EventHandler;
			sourceTree = "<group>";
		};
		24C703551896C061008DDBA6 /* TimerHandler */ = {
			isa = PBXGroup;
			children = (
				24C703561896C073008DDBA6 /* TimerHandler.h */,
				24C703571896C073008DDBA6 /* TimerHandler.m */,
			);
			name = TimerHandler;
			sourceTree = "<group>";
		};
		24C70359189949A3008DDBA6 /* InitialtorLevel */ = {
			isa = PBXGroup;
			children = (
				24C7035A189949ED008DDBA6 /* InitializatorLevelHandler.h */,
				24C7035B189949ED008DDBA6 /* InitializatorLevelHandler.m */,
			);
			name = InitialtorLevel;
			sourceTree = "<group>";
		};
		24C7036018994C1E008DDBA6 /* Base */ = {
			isa = PBXGroup;
			children = (
				24C7035D18994C11008DDBA6 /* BaseLevelHandler.h */,
				24C7035E18994C11008DDBA6 /* BaseLevelHandler.m */,
			);
			name = Base;
			sourceTree = "<group>";
		};
		24C70367189A0650008DDBA6 /* BaseVC */ = {
			isa = PBXGroup;
			children = (
				24C7036B189A0E3F008DDBA6 /* BaseVC.h */,
				24C7036C189A0E3F008DDBA6 /* BaseVC.m */,
			);
			name = BaseVC;
			sourceTree = "<group>";
		};
		24D17F64189D1C1B005CBA4E /* RecordingInfoVC */ = {
			isa = PBXGroup;
			children = (
				24D17F68189D1C73005CBA4E /* RecordingInfoVC.h */,
				24D17F69189D1C73005CBA4E /* RecordingInfoVC.m */,
			);
			name = RecordingInfoVC;
			sourceTree = "<group>";
		};
		24D17F6B189E6B30005CBA4E /* ListeningVC */ = {
			isa = PBXGroup;
			children = (
				24D17F6C189E6C05005CBA4E /* ListeningVC.h */,
				24D17F6D189E6C05005CBA4E /* ListeningVC.m */,
			);
			name = ListeningVC;
			sourceTree = "<group>";
		};
		24D17F6F189FA622005CBA4E /* RecordInfoHandler */ = {
			isa = PBXGroup;
			children = (
				24D17F70189FA68C005CBA4E /* RecordInfoHandler.h */,
				24D17F71189FA68C005CBA4E /* RecordInfoHandler.m */,
			);
			name = RecordInfoHandler;
			sourceTree = "<group>";
		};
		24D17F7818A3E9EF005CBA4E /* InitialVC */ = {
			isa = PBXGroup;
			children = (
				24D17F7918A3EA11005CBA4E /* InitialVC.h */,
				24D17F7A18A3EA11005CBA4E /* InitialVC.m */,
			);
			name = InitialVC;
			sourceTree = "<group>";
		};
		24F16F3D18A68F6500D4CA78 /* StatisticDetailVC */ = {
			isa = PBXGroup;
			children = (
				24F16F3E18A68F8600D4CA78 /* StatisticDetailVC.h */,
				24F16F3F18A68F8600D4CA78 /* StatisticDetailVC.m */,
			);
			name = StatisticDetailVC;
			sourceTree = "<group>";
		};
		24F16F4118ABC6B800D4CA78 /* SetupVC */ = {
			isa = PBXGroup;
			children = (
				24F16F4818ABC86000D4CA78 /* SetupVC.h */,
				24F16F4918ABC86000D4CA78 /* SetupVC.m */,
			);
			name = SetupVC;
			sourceTree = "<group>";
		};
		24F16F4E18ABDC9D00D4CA78 /* RecordInfo */ = {
			isa = PBXGroup;
			children = (
				24161BC71894BE9400BBFC56 /* RecordInfo.h */,
				24161BC81894BE9400BBFC56 /* RecordInfo.m */,
			);
			name = RecordInfo;
			sourceTree = "<group>";
		};
		24F16F4F18ABDCAC00D4CA78 /* UserSetting */ = {
			isa = PBXGroup;
			children = (
				24F16F5018ABDCBD00D4CA78 /* UserSetting.h */,
				24F16F5118ABDCBD00D4CA78 /* UserSetting.m */,
			);
			name = UserSetting;
			sourceTree = "<group>";
		};
/* End PBXGroup section */

/* Begin PBXNativeTarget section */
		24093065188D1C5C00B01D94 /* RecordAPP */ = {
			isa = PBXNativeTarget;
			buildConfigurationList = 24093098188D1C5C00B01D94 /* Build configuration list for PBXNativeTarget "RecordAPP" */;
			buildPhases = (
				24093062188D1C5C00B01D94 /* Sources */,
				24093063188D1C5C00B01D94 /* Frameworks */,
				24093064188D1C5C00B01D94 /* Resources */,
			);
			buildRules = (
			);
			dependencies = (
			);
			name = RecordAPP;
			productName = RecordAPP;
			productReference = 24093066188D1C5C00B01D94 /* RecordAPP.app */;
			productType = "com.apple.product-type.application";
		};
		24093086188D1C5C00B01D94 /* RecordAPPTests */ = {
			isa = PBXNativeTarget;
			buildConfigurationList = 2409309B188D1C5C00B01D94 /* Build configuration list for PBXNativeTarget "RecordAPPTests" */;
			buildPhases = (
				24093083188D1C5C00B01D94 /* Sources */,
				24093084188D1C5C00B01D94 /* Frameworks */,
				24093085188D1C5C00B01D94 /* Resources */,
			);
			buildRules = (
			);
			dependencies = (
				2409308D188D1C5C00B01D94 /* PBXTargetDependency */,
			);
			name = RecordAPPTests;
			productName = RecordAPPTests;
			productReference = 24093087188D1C5C00B01D94 /* RecordAPPTests.xctest */;
			productType = "com.apple.product-type.bundle.unit-test";
		};
/* End PBXNativeTarget section */

/* Begin PBXProject section */
		2409305E188D1C5B00B01D94 /* Project object */ = {
			isa = PBXProject;
			attributes = {
				CLASSPREFIX = Record;
				LastUpgradeCheck = 0500;
				ORGANIZATIONNAME = sfffaaa;
				TargetAttributes = {
					24093086188D1C5C00B01D94 = {
						TestTargetID = 24093065188D1C5C00B01D94;
					};
				};
			};
			buildConfigurationList = 24093061188D1C5B00B01D94 /* Build configuration list for PBXProject "RecordAPP" */;
			compatibilityVersion = "Xcode 3.2";
			developmentRegion = English;
			hasScannedForEncodings = 0;
			knownRegions = (
				en,
				Base,
			);
			mainGroup = 2409305D188D1C5B00B01D94;
			productRefGroup = 24093067188D1C5C00B01D94 /* Products */;
			projectDirPath = "";
			projectRoot = "";
			targets = (
				24093065188D1C5C00B01D94 /* RecordAPP */,
				24093086188D1C5C00B01D94 /* RecordAPPTests */,
			);
		};
/* End PBXProject section */

/* Begin PBXResourcesBuildPhase section */
		24093064188D1C5C00B01D94 /* Resources */ = {
			isa = PBXResourcesBuildPhase;
			buildActionMask = 2147483647;
			files = (
				24AD06B518A5C65F00599DCE /* dream_edit_over2.png in Resources */,
				24AD06C518A6096700599DCE /* StatisticRecordInfo.xib in Resources */,
				24093082188D1C5C00B01D94 /* Images.xcassets in Resources */,
				24093074188D1C5C00B01D94 /* InfoPlist.strings in Resources */,
				2409307D188D1C5C00B01D94 /* Main.storyboard in Resources */,
				24D17F7718A3D425005CBA4E /* RecordTime.storyboard in Resources */,
			);
			runOnlyForDeploymentPostprocessing = 0;
		};
		24093085188D1C5C00B01D94 /* Resources */ = {
			isa = PBXResourcesBuildPhase;
			buildActionMask = 2147483647;
			files = (
				24093093188D1C5C00B01D94 /* InfoPlist.strings in Resources */,
			);
			runOnlyForDeploymentPostprocessing = 0;
		};
/* End PBXResourcesBuildPhase section */

/* Begin PBXSourcesBuildPhase section */
		24093062188D1C5C00B01D94 /* Sources */ = {
			isa = PBXSourcesBuildPhase;
			buildActionMask = 2147483647;
			files = (
				24161B8F1893AC5E00BBFC56 /* EmailHandler.m in Sources */,
				24D17F72189FA68C005CBA4E /* RecordInfoHandler.m in Sources */,
				24161BB61893F98A00BBFC56 /* EncourageHandler.m in Sources */,
				24161BCD1894C57500BBFC56 /* DBHandler.m in Sources */,
				24D17F6A189D1C73005CBA4E /* RecordingInfoVC.m in Sources */,
				24161B951893AD1E00BBFC56 /* RecordHandler.m in Sources */,
				24F16F4A18ABC86000D4CA78 /* SetupVC.m in Sources */,
				24AD06B918A5C88500599DCE /* DreamVC.m in Sources */,
				24161BA51893B11A00BBFC56 /* RecordSettingHandler.m in Sources */,
				24161BC11894032800BBFC56 /* StatisticDetailLevelHandler.m in Sources */,
				24093080188D1C5C00B01D94 /* RecordViewController.m in Sources */,
				24C7035C189949ED008DDBA6 /* InitializatorLevelHandler.m in Sources */,
				240930A1188D1CDC00B01D94 /* BusinessLogicHandler.m in Sources */,
				24C7034A1896B63F008DDBA6 /* RecordingViewController.m in Sources */,
				24AD06C318A5FDFB00599DCE /* StatisticTableVC.m in Sources */,
				24F16F4018A68F8600D4CA78 /* StatisticDetailVC.m in Sources */,
				24161BA21893AE8900BBFC56 /* DatabaseHandler.m in Sources */,
				24C7035F18994C11008DDBA6 /* BaseLevelHandler.m in Sources */,
				24D17F7518A1294C005CBA4E /* ListenLevelHandler.m in Sources */,
				24161BAB1893B1ED00BBFC56 /* WakeupSettingHandler.m in Sources */,
				24D17F6E189E6C05005CBA4E /* ListeningVC.m in Sources */,
				24161BA81893B19300BBFC56 /* EmailSettingHandler.m in Sources */,
				24161BC61894BE7C00BBFC56 /* RecordInfoLevelHandler.m in Sources */,
				24F16F5218ABDCBD00D4CA78 /* UserSetting.m in Sources */,
				24C703541896BFFD008DDBA6 /* EventHandler.m in Sources */,
				24161BC91894BE9400BBFC56 /* RecordInfo.m in Sources */,
				24093076188D1C5C00B01D94 /* main.m in Sources */,
				24161BAF1893DE3100BBFC56 /* RecordLevelHandler.m in Sources */,
				24161B921893ACCA00BBFC56 /* WakeupHandler.m in Sources */,
				24D17F7B18A3EA11005CBA4E /* InitialVC.m in Sources */,
				24C7036D189A0E3F008DDBA6 /* BaseVC.m in Sources */,
				24161BB21893F80100BBFC56 /* RecordFileHandler.m in Sources */,
				24161BBD1894029300BBFC56 /* StatisticTableLevelHandler.m in Sources */,
				2409307A188D1C5C00B01D94 /* RecordAppDelegate.m in Sources */,
				24F16F4D18ABDC0700D4CA78 /* SetupLevelHandler.m in Sources */,
				24C703581896C073008DDBA6 /* TimerHandler.m in Sources */,
			);
			runOnlyForDeploymentPostprocessing = 0;
		};
		24093083188D1C5C00B01D94 /* Sources */ = {
			isa = PBXSourcesBuildPhase;
			buildActionMask = 2147483647;
			files = (
				24093095188D1C5C00B01D94 /* RecordAPPTests.m in Sources */,
			);
			runOnlyForDeploymentPostprocessing = 0;
		};
/* End PBXSourcesBuildPhase section */

/* Begin PBXTargetDependency section */
		2409308D188D1C5C00B01D94 /* PBXTargetDependency */ = {
			isa = PBXTargetDependency;
			target = 24093065188D1C5C00B01D94 /* RecordAPP */;
			targetProxy = 2409308C188D1C5C00B01D94 /* PBXContainerItemProxy */;
		};
/* End PBXTargetDependency section */

/* Begin PBXVariantGroup section */
		24093072188D1C5C00B01D94 /* InfoPlist.strings */ = {
			isa = PBXVariantGroup;
			children = (
				24093073188D1C5C00B01D94 /* en */,
			);
			name = InfoPlist.strings;
			sourceTree = "<group>";
		};
		2409307B188D1C5C00B01D94 /* Main.storyboard */ = {
			isa = PBXVariantGroup;
			children = (
				2409307C188D1C5C00B01D94 /* Base */,
			);
			name = Main.storyboard;
			sourceTree = "<group>";
		};
		24093091188D1C5C00B01D94 /* InfoPlist.strings */ = {
			isa = PBXVariantGroup;
			children = (
				24093092188D1C5C00B01D94 /* en */,
			);
			name = InfoPlist.strings;
			sourceTree = "<group>";
		};
/* End PBXVariantGroup section */

/* Begin XCBuildConfiguration section */
		24093096188D1C5C00B01D94 /* Debug */ = {
			isa = XCBuildConfiguration;
			buildSettings = {
				ALWAYS_SEARCH_USER_PATHS = NO;
				ARCHS = "$(ARCHS_STANDARD_INCLUDING_64_BIT)";
				CLANG_CXX_LANGUAGE_STANDARD = "gnu++0x";
				CLANG_CXX_LIBRARY = "libc++";
				CLANG_ENABLE_MODULES = YES;
				CLANG_ENABLE_OBJC_ARC = YES;
				CLANG_WARN_BOOL_CONVERSION = YES;
				CLANG_WARN_CONSTANT_CONVERSION = YES;
				CLANG_WARN_DIRECT_OBJC_ISA_USAGE = YES_ERROR;
				CLANG_WARN_EMPTY_BODY = YES;
				CLANG_WARN_ENUM_CONVERSION = YES;
				CLANG_WARN_INT_CONVERSION = YES;
				CLANG_WARN_OBJC_ROOT_CLASS = YES_ERROR;
				CLANG_WARN__DUPLICATE_METHOD_MATCH = YES;
				"CODE_SIGN_IDENTITY[sdk=iphoneos*]" = "iPhone Developer";
				COPY_PHASE_STRIP = NO;
				GCC_C_LANGUAGE_STANDARD = gnu99;
				GCC_DYNAMIC_NO_PIC = NO;
				GCC_OPTIMIZATION_LEVEL = 0;
				GCC_PREPROCESSOR_DEFINITIONS = (
					"DEBUG=1",
					"$(inherited)",
				);
				GCC_SYMBOLS_PRIVATE_EXTERN = NO;
				GCC_WARN_64_TO_32_BIT_CONVERSION = YES;
				GCC_WARN_ABOUT_RETURN_TYPE = YES_ERROR;
				GCC_WARN_UNDECLARED_SELECTOR = YES;
				GCC_WARN_UNINITIALIZED_AUTOS = YES;
				GCC_WARN_UNUSED_FUNCTION = YES;
				GCC_WARN_UNUSED_VARIABLE = YES;
				IPHONEOS_DEPLOYMENT_TARGET = 7.0;
				ONLY_ACTIVE_ARCH = YES;
				SDKROOT = iphoneos;
			};
			name = Debug;
		};
		24093097188D1C5C00B01D94 /* Release */ = {
			isa = XCBuildConfiguration;
			buildSettings = {
				ALWAYS_SEARCH_USER_PATHS = NO;
				ARCHS = "$(ARCHS_STANDARD_INCLUDING_64_BIT)";
				CLANG_CXX_LANGUAGE_STANDARD = "gnu++0x";
				CLANG_CXX_LIBRARY = "libc++";
				CLANG_ENABLE_MODULES = YES;
				CLANG_ENABLE_OBJC_ARC = YES;
				CLANG_WARN_BOOL_CONVERSION = YES;
				CLANG_WARN_CONSTANT_CONVERSION = YES;
				CLANG_WARN_DIRECT_OBJC_ISA_USAGE = YES_ERROR;
				CLANG_WARN_EMPTY_BODY = YES;
				CLANG_WARN_ENUM_CONVERSION = YES;
				CLANG_WARN_INT_CONVERSION = YES;
				CLANG_WARN_OBJC_ROOT_CLASS = YES_ERROR;
				CLANG_WARN__DUPLICATE_METHOD_MATCH = YES;
				"CODE_SIGN_IDENTITY[sdk=iphoneos*]" = "iPhone Developer";
				COPY_PHASE_STRIP = YES;
				ENABLE_NS_ASSERTIONS = NO;
				GCC_C_LANGUAGE_STANDARD = gnu99;
				GCC_WARN_64_TO_32_BIT_CONVERSION = YES;
				GCC_WARN_ABOUT_RETURN_TYPE = YES_ERROR;
				GCC_WARN_UNDECLARED_SELECTOR = YES;
				GCC_WARN_UNINITIALIZED_AUTOS = YES;
				GCC_WARN_UNUSED_FUNCTION = YES;
				GCC_WARN_UNUSED_VARIABLE = YES;
				IPHONEOS_DEPLOYMENT_TARGET = 7.0;
				SDKROOT = iphoneos;
				VALIDATE_PRODUCT = YES;
			};
			name = Release;
		};
		24093099188D1C5C00B01D94 /* Debug */ = {
			isa = XCBuildConfiguration;
			buildSettings = {
				ASSETCATALOG_COMPILER_APPICON_NAME = AppIcon;
				ASSETCATALOG_COMPILER_LAUNCHIMAGE_NAME = LaunchImage;
				GCC_PRECOMPILE_PREFIX_HEADER = YES;
				GCC_PREFIX_HEADER = "RecordAPP/RecordAPP-Prefix.pch";
				INFOPLIST_FILE = "RecordAPP/RecordAPP-Info.plist";
				PRODUCT_NAME = "$(TARGET_NAME)";
				WRAPPER_EXTENSION = app;
			};
			name = Debug;
		};
		2409309A188D1C5C00B01D94 /* Release */ = {
			isa = XCBuildConfiguration;
			buildSettings = {
				ASSETCATALOG_COMPILER_APPICON_NAME = AppIcon;
				ASSETCATALOG_COMPILER_LAUNCHIMAGE_NAME = LaunchImage;
				GCC_PRECOMPILE_PREFIX_HEADER = YES;
				GCC_PREFIX_HEADER = "RecordAPP/RecordAPP-Prefix.pch";
				INFOPLIST_FILE = "RecordAPP/RecordAPP-Info.plist";
				PRODUCT_NAME = "$(TARGET_NAME)";
				WRAPPER_EXTENSION = app;
			};
			name = Release;
		};
		2409309C188D1C5C00B01D94 /* Debug */ = {
			isa = XCBuildConfiguration;
			buildSettings = {
				ARCHS = "$(ARCHS_STANDARD_INCLUDING_64_BIT)";
				BUNDLE_LOADER = "$(BUILT_PRODUCTS_DIR)/RecordAPP.app/RecordAPP";
				FRAMEWORK_SEARCH_PATHS = (
					"$(SDKROOT)/Developer/Library/Frameworks",
					"$(inherited)",
					"$(DEVELOPER_FRAMEWORKS_DIR)",
				);
				GCC_PRECOMPILE_PREFIX_HEADER = YES;
				GCC_PREFIX_HEADER = "RecordAPP/RecordAPP-Prefix.pch";
				GCC_PREPROCESSOR_DEFINITIONS = (
					"DEBUG=1",
					"$(inherited)",
				);
				INFOPLIST_FILE = "RecordAPPTests/RecordAPPTests-Info.plist";
				PRODUCT_NAME = "$(TARGET_NAME)";
				TEST_HOST = "$(BUNDLE_LOADER)";
				WRAPPER_EXTENSION = xctest;
			};
			name = Debug;
		};
		2409309D188D1C5C00B01D94 /* Release */ = {
			isa = XCBuildConfiguration;
			buildSettings = {
				ARCHS = "$(ARCHS_STANDARD_INCLUDING_64_BIT)";
				BUNDLE_LOADER = "$(BUILT_PRODUCTS_DIR)/RecordAPP.app/RecordAPP";
				FRAMEWORK_SEARCH_PATHS = (
					"$(SDKROOT)/Developer/Library/Frameworks",
					"$(inherited)",
					"$(DEVELOPER_FRAMEWORKS_DIR)",
				);
				GCC_PRECOMPILE_PREFIX_HEADER = YES;
				GCC_PREFIX_HEADER = "RecordAPP/RecordAPP-Prefix.pch";
				INFOPLIST_FILE = "RecordAPPTests/RecordAPPTests-Info.plist";
				PRODUCT_NAME = "$(TARGET_NAME)";
				TEST_HOST = "$(BUNDLE_LOADER)";
				WRAPPER_EXTENSION = xctest;
			};
			name = Release;
		};
/* End XCBuildConfiguration section */

/* Begin XCConfigurationList section */
		24093061188D1C5B00B01D94 /* Build configuration list for PBXProject "RecordAPP" */ = {
			isa = XCConfigurationList;
			buildConfigurations = (
				24093096188D1C5C00B01D94 /* Debug */,
				24093097188D1C5C00B01D94 /* Release */,
			);
			defaultConfigurationIsVisible = 0;
			defaultConfigurationName = Release;
		};
		24093098188D1C5C00B01D94 /* Build configuration list for PBXNativeTarget "RecordAPP" */ = {
			isa = XCConfigurationList;
			buildConfigurations = (
				24093099188D1C5C00B01D94 /* Debug */,
				2409309A188D1C5C00B01D94 /* Release */,
			);
			defaultConfigurationIsVisible = 0;
			defaultConfigurationName = Release;
		};
		2409309B188D1C5C00B01D94 /* Build configuration list for PBXNativeTarget "RecordAPPTests" */ = {
			isa = XCConfigurationList;
			buildConfigurations = (
				2409309C188D1C5C00B01D94 /* Debug */,
				2409309D188D1C5C00B01D94 /* Release */,
			);
			defaultConfigurationIsVisible = 0;
			defaultConfigurationName = Release;
		};
/* End XCConfigurationList section */
	};
	rootObject = 2409305E188D1C5B00B01D94 /* Project object */;
}
